// !$*UTF8*$!
{
	archiveVersion = 1;
	classes = {
	};
	objectVersion = 46;
	objects = {

/* Begin PBXBuildFile section */
		67F4B2B51E4C76850021C006 /* AppDelegate.swift in Sources */ = {isa = PBXBuildFile; fileRef = 67F4B2B41E4C76850021C006 /* AppDelegate.swift */; };
		67F4B2B71E4C76850021C006 /* ViewController.swift in Sources */ = {isa = PBXBuildFile; fileRef = 67F4B2B61E4C76850021C006 /* ViewController.swift */; };
		67F4B2BA1E4C76850021C006 /* Main.storyboard in Resources */ = {isa = PBXBuildFile; fileRef = 67F4B2B81E4C76850021C006 /* Main.storyboard */; };
		67F4B2BC1E4C76850021C006 /* Assets.xcassets in Resources */ = {isa = PBXBuildFile; fileRef = 67F4B2BB1E4C76850021C006 /* Assets.xcassets */; };
		67F4B2BF1E4C76850021C006 /* LaunchScreen.storyboard in Resources */ = {isa = PBXBuildFile; fileRef = 67F4B2BD1E4C76850021C006 /* LaunchScreen.storyboard */; };
/* End PBXBuildFile section */

/* Begin PBXFileReference section */
		67F4B2B11E4C76850021C006 /* CinFood.app */ = {isa = PBXFileReference; explicitFileType = wrapper.application; includeInIndex = 0; path = CinFood.app; sourceTree = BUILT_PRODUCTS_DIR; };
		67F4B2B41E4C76850021C006 /* AppDelegate.swift */ = {isa = PBXFileReference; lastKnownFileType = sourcecode.swift; path = AppDelegate.swift; sourceTree = "<group>"; };
		67F4B2B61E4C76850021C006 /* ViewController.swift */ = {isa = PBXFileReference; lastKnownFileType = sourcecode.swift; path = ViewController.swift; sourceTree = "<group>"; };
		67F4B2B91E4C76850021C006 /* Base */ = {isa = PBXFileReference; lastKnownFileType = file.storyboard; name = Base; path = Base.lproj/Main.storyboard; sourceTree = "<group>"; };
		67F4B2BB1E4C76850021C006 /* Assets.xcassets */ = {isa = PBXFileReference; lastKnownFileType = folder.assetcatalog; path = Assets.xcassets; sourceTree = "<group>"; };
		67F4B2BE1E4C76850021C006 /* Base */ = {isa = PBXFileReference; lastKnownFileType = file.storyboard; name = Base; path = Base.lproj/LaunchScreen.storyboard; sourceTree = "<group>"; };
		67F4B2C01E4C76850021C006 /* Info.plist */ = {isa = PBXFileReference; lastKnownFileType = text.plist.xml; path = Info.plist; sourceTree = "<group>"; };
/* End PBXFileReference section */

/* Begin PBXFrameworksBuildPhase section */
		67F4B2AE1E4C76840021C006 /* Frameworks */ = {
			isa = PBXFrameworksBuildPhase;
			buildActionMask = 2147483647;
			files = (
			);
			runOnlyForDeploymentPostprocessing = 0;
		};
/* End PBXFrameworksBuildPhase section */

/* Begin PBXGroup section */
		67F4B2A81E4C76840021C006 = {
			isa = PBXGroup;
			children = (
				67F4B2B31E4C76850021C006 /* CinFood */,
				67F4B2B21E4C76850021C006 /* Products */,
			);
			sourceTree = "<group>";
		};
		67F4B2B21E4C76850021C006 /* Products */ = {
			isa = PBXGroup;
			children = (
				67F4B2B11E4C76850021C006 /* CinFood.app */,
			);
			name = Products;
			sourceTree = "<group>";
		};
		67F4B2B31E4C76850021C006 /* CinFood */ = {
			isa = PBXGroup;
			children = (
				67F4B2B41E4C76850021C006 /* AppDelegate.swift */,
				67F4B2B61E4C76850021C006 /* ViewController.swift */,
				67F4B2B81E4C76850021C006 /* Main.storyboard */,
				67F4B2BB1E4C76850021C006 /* Assets.xcassets */,
				67F4B2BD1E4C76850021C006 /* LaunchScreen.storyboard */,
				67F4B2C01E4C76850021C006 /* Info.plist */,
			);
			path = CinFood;
			sourceTree = "<group>";
		};
/* End PBXGroup section */

/* Begin PBXNativeTarget section */
		67F4B2B01E4C76840021C006 /* CinFood */ = {
			isa = PBXNativeTarget;
			buildConfigurationList = 67F4B2C31E4C76850021C006 /* Build configuration list for PBXNativeTarget "CinFood" */;
			buildPhases = (
				67F4B2AD1E4C76840021C006 /* Sources */,
				67F4B2AE1E4C76840021C006 /* Frameworks */,
				67F4B2AF1E4C76840021C006 /* Resources */,
			);
			buildRules = (
			);
			dependencies = (
			);
			name = CinFood;
			productName = CinFood;
			productReference = 67F4B2B11E4C76850021C006 /* CinFood.app */;
			productType = "com.apple.product-type.application";
		};
/* End PBXNativeTarget section */

/* Begin PBXProject section */
		67F4B2A91E4C76840021C006 /* Project object */ = {
			isa = PBXProject;
			attributes = {
				LastSwiftUpdateCheck = 0820;
				LastUpgradeCheck = 0820;
				ORGANIZATIONNAME = "Der Kaiser";
				TargetAttributes = {
					67F4B2B01E4C76840021C006 = {
						CreatedOnToolsVersion = 8.2.1;
						DevelopmentTeam = U6TZYCS9U4;
						ProvisioningStyle = Automatic;
					};
				};
			};
			buildConfigurationList = 67F4B2AC1E4C76840021C006 /* Build configuration list for PBXProject "CinFood" */;
			compatibilityVersion = "Xcode 3.2";
			developmentRegion = English;
			hasScannedForEncodings = 0;
			knownRegions = (
				en,
				Base,
			);
			mainGroup = 67F4B2A81E4C76840021C006;
			productRefGroup = 67F4B2B21E4C76850021C006 /* Products */;
			projectDirPath = "";
			projectRoot = "";
			targets = (
				67F4B2B01E4C76840021C006 /* CinFood */,
			);
		};
/* End PBXProject section */

/* Begin PBXResourcesBuildPhase section */
		67F4B2AF1E4C76840021C006 /* Resources */ = {
			isa = PBXResourcesBuildPhase;
			buildActionMask = 2147483647;
			files = (
				67F4B2BF1E4C76850021C006 /* LaunchScreen.storyboard in Resources */,
				67F4B2BC1E4C76850021C006 /* Assets.xcassets in Resources */,
				67F4B2BA1E4C76850021C006 /* Main.storyboard in Resources */,
			);
			runOnlyForDeploymentPostprocessing = 0;
		};
/* End PBXResourcesBuildPhase section */

/* Begin PBXSourcesBuildPhase section */
		67F4B2AD1E4C76840021C006 /* Sources */ = {
			isa = PBXSourcesBuildPhase;
			buildActionMask = 2147483647;
			files = (
				67F4B2B71E4C76850021C006 /* ViewController.swift in Sources */,
				67F4B2B51E4C76850021C006 /* AppDelegate.swift in Sources */,
			);
			runOnlyForDeploymentPostprocessing = 0;
		};
/* End PBXSourcesBuildPhase section */

/* Begin PBXVariantGroup section */
		67F4B2B81E4C76850021C006 /* Main.storyboard */ = {
			isa = PBXVariantGroup;
			children = (
				67F4B2B91E4C76850021C006 /* Base */,
			);
			name = Main.storyboard;
			sourceTree = "<group>";
		};
		67F4B2BD1E4C76850021C006 /* LaunchScreen.storyboard */ = {
			isa = PBXVariantGroup;
			children = (
				67F4B2BE1E4C76850021C006 /* Base */,
			);
			name = LaunchScreen.storyboard;
			sourceTree = "<group>";
		};
/* End PBXVariantGroup section */

/* Begin XCBuildConfiguration section */
		67F4B2C11E4C76850021C006 /* Debug */ = {
			isa = XCBuildConfiguration;
			buildSettings = {
				ALWAYS_SEARCH_USER_PATHS = NO;
				CLANG_ANALYZER_NONNULL = YES;
				CLANG_CXX_LANGUAGE_STANDARD = "gnu++0x";
				CLANG_CXX_LIBRARY = "libc++";
				CLANG_ENABLE_MODULES = YES;
				CLANG_ENABLE_OBJC_ARC = YES;
				CLANG_WARN_BOOL_CONVERSION = YES;
				CLANG_WARN_CONSTANT_CONVERSION = YES;
				CLANG_WARN_DIRECT_OBJC_ISA_USAGE = YES_ERROR;
				CLANG_WARN_DOCUMENTATION_COMMENTS = YES;
				CLANG_WARN_EMPTY_BODY = YES;
				CLANG_WARN_ENUM_CONVERSION = YES;
				CLANG_WARN_INFINITE_RECURSION = YES;
				CLANG_WARN_INT_CONVERSION = YES;
				CLANG_WARN_OBJC_ROOT_CLASS = YES_ERROR;
				CLANG_WARN_SUSPICIOUS_MOVE = YES;
				CLANG_WARN_UNREACHABLE_CODE = YES;
				CLANG_WARN__DUPLICATE_METHOD_MATCH = YES;
				"CODE_SIGN_IDENTITY[sdk=iphoneos*]" = "iPhone Developer";
				COPY_PHASE_STRIP = NO;
				DEBUG_INFORMATION_FORMAT = dwarf;
				ENABLE_STRICT_OBJC_MSGSEND = YES;
				ENABLE_TESTABILITY = YES;
				GCC_C_LANGUAGE_STANDARD = gnu99;
				GCC_DYNAMIC_NO_PIC = NO;
				GCC_NO_COMMON_BLOCKS = YES;
				GCC_OPTIMIZATION_LEVEL = 0;
				GCC_PREPROCESSOR_DEFINITIONS = (
					"DEBUG=1",
					"$(inherited)",
				);
				GCC_WARN_64_TO_32_BIT_CONVERSION = YES;
				GCC_WARN_ABOUT_RETURN_TYPE = YES_ERROR;
				GCC_WARN_UNDECLARED_SELECTOR = YES;
				GCC_WARN_UNINITIALIZED_AUTOS = YES_AGGRESSIVE;
				GCC_WARN_UNUSED_FUNCTION = YES;
				GCC_WARN_UNUSED_VARIABLE = YES;
				IPHONEOS_DEPLOYMENT_TARGET = 10.2;
				MTL_ENABLE_DEBUG_INFO = YES;
				ONLY_ACTIVE_ARCH = YES;
				SDKROOT = iphoneos;
				SWIFT_ACTIVE_COMPILATION_CONDITIONS = DEBUG;
				SWIFT_OPTIMIZATION_LEVEL = "-Onone";
				TARGETED_DEVICE_FAMILY = "1,2";
			};
			name = Debug;
		};
		67F4B2C21E4C76850021C006 /* Release */ = {
			isa = XCBuildConfiguration;
			buildSettings = {
				ALWAYS_SEARCH_USER_PATHS = NO;
				CLANG_ANALYZER_NONNULL = YES;
				CLANG_CXX_LANGUAGE_STANDARD = "gnu++0x";
				CLANG_CXX_LIBRARY = "libc++";
				CLANG_ENABLE_MODULES = YES;
				CLANG_ENABLE_OBJC_ARC = YES;
				CLANG_WARN_BOOL_CONVERSION = YES;
				CLANG_WARN_CONSTANT_CONVERSION = YES;
				CLANG_WARN_DIRECT_OBJC_ISA_USAGE = YES_ERROR;
				CLANG_WARN_DOCUMENTATION_COMMENTS = YES;
				CLANG_WARN_EMPTY_BODY = YES;
				CLANG_WARN_ENUM_CONVERSION = YES;
				CLANG_WARN_INFINITE_RECURSION = YES;
				CLANG_WARN_INT_CONVERSION = YES;
				CLANG_WARN_OBJC_ROOT_CLASS = YES_ERROR;
				CLANG_WARN_SUSPICIOUS_MOVE = YES;
				CLANG_WARN_UNREACHABLE_CODE = YES;
				CLANG_WARN__DUPLICATE_METHOD_MATCH = YES;
				"CODE_SIGN_IDENTITY[sdk=iphoneos*]" = "iPhone Developer";
				COPY_PHASE_STRIP = NO;
				DEBUG_INFORMATION_FORMAT = "dwarf-with-dsym";
				ENABLE_NS_ASSERTIONS = NO;
				ENABLE_STRICT_OBJC_MSGSEND = YES;
				GCC_C_LANGUAGE_STANDARD = gnu99;
				GCC_NO_COMMON_BLOCKS = YES;
				GCC_WARN_64_TO_32_BIT_CONVERSION = YES;
				GCC_WARN_ABOUT_RETURN_TYPE = YES_ERROR;
				GCC_WARN_UNDECLARED_SELECTOR = YES;
				GCC_WARN_UNINITIALIZED_AUTOS = YES_AGGRESSIVE;
				GCC_WARN_UNUSED_FUNCTION = YES;
				GCC_WARN_UNUSED_VARIABLE = YES;
				IPHONEOS_DEPLOYMENT_TARGET = 10.2;
				MTL_ENABLE_DEBUG_INFO = NO;
				SDKROOT = iphoneos;
				SWIFT_OPTIMIZATION_LEVEL = "-Owholemodule";
				TARGETED_DEVICE_FAMILY = "1,2";
				VALIDATE_PRODUCT = YES;
			};
			name = Release;
		};
		67F4B2C41E4C76850021C006 /* Debug */ = {
			isa = XCBuildConfiguration;
			buildSettings = {
				ASSETCATALOG_COMPILER_APPICON_NAME = AppIcon;
				DEVELOPMENT_TEAM = U6TZYCS9U4;
				INFOPLIST_FILE = CinFood/Info.plist;
				IPHONEOS_DEPLOYMENT_TARGET = 8.0;
				LD_RUNPATH_SEARCH_PATHS = "$(inherited) @executable_path/Frameworks";
				PRODUCT_BUNDLE_IDENTIFIER = io.uet.kaiser.CinFood;
				PRODUCT_NAME = "$(TARGET_NAME)";
				SWIFT_VERSION = 3.0;
			};
			name = Debug;
		};
		67F4B2C51E4C76850021C006 /* Release */ = {
			isa = XCBuildConfiguration;
			buildSettings = {
				ASSETCATALOG_COMPILER_APPICON_NAME = AppIcon;
				DEVELOPMENT_TEAM = U6TZYCS9U4;
				INFOPLIST_FILE = CinFood/Info.plist;
				IPHONEOS_DEPLOYMENT_TARGET = 8.0;
				LD_RUNPATH_SEARCH_PATHS = "$(inherited) @executable_path/Frameworks";
				PRODUCT_BUNDLE_IDENTIFIER = io.uet.kaiser.CinFood;
				PRODUCT_NAME = "$(TARGET_NAME)";
				SWIFT_VERSION = 3.0;
			};
			name = Release;
		};
/* End XCBuildConfiguration section */

/* Begin XCConfigurationList section */
		67F4B2AC1E4C76840021C006 /* Build configuration list for PBXProject "CinFood" */ = {
			isa = XCConfigurationList;
			buildConfigurations = (
				67F4B2C11E4C76850021C006 /* Debug */,
				67F4B2C21E4C76850021C006 /* Release */,
			);
			defaultConfigurationIsVisible = 0;
			defaultConfigurationName = Release;
		};
		67F4B2C31E4C76850021C006 /* Build configuration list for PBXNativeTarget "CinFood" */ = {
			isa = XCConfigurationList;
			buildConfigurations = (
				67F4B2C41E4C76850021C006 /* Debug */,
				67F4B2C51E4C76850021C006 /* Release */,
			);
			defaultConfigurationIsVisible = 0;
		};
/* End XCConfigurationList section */
	};
	rootObject = 67F4B2A91E4C76840021C006 /* Project object */;
}
